<?xml version="1.0" encoding="utf-8"?>
<Project ToolsVersion="4.0" xmlns="http://schemas.microsoft.com/developer/msbuild/2003">
  <ItemGroup>
    <ClCompile Include="main.cpp">
      <Filter>Source Files</Filter>
    </ClCompile>
    <ClCompile Include="TilingPuzzleQt.cpp">
      <Filter>Source Files</Filter>
    </ClCompile>
    <ClCompile Include="PuzzleDisplay.cpp">
      <Filter>Source Files</Filter>
    </ClCompile>
    <ClCompile Include="PuzzleDisplayScene.cpp">
      <Filter>Source Files</Filter>
    </ClCompile>
  </ItemGroup>
  <ItemGroup>
    <Filter Include="Resource Files">
      <UniqueIdentifier>{76856377-ff52-49ab-898a-f981dd1ab4d6}</UniqueIdentifier>
    </Filter>
    <Filter Include="Source Files">
      <UniqueIdentifier>{52a38da1-c696-4eeb-b532-dca6e3b9cdee}</UniqueIdentifier>
    </Filter>
    <Filter Include="Header Files">
      <UniqueIdentifier>{355400fb-eb3a-41d5-aaa0-5c693bc73ed1}</UniqueIdentifier>
    </Filter>
    <Filter Include="Form Files">
      <UniqueIdentifier>{a67f6bd9-e5b9-44ef-8b13-5253b8769299}</UniqueIdentifier>
    </Filter>
  </ItemGroup>
  <ItemGroup>
    <QtRcc Include="TilingPuzzleQt.qrc">
      <Filter>Resource Files</Filter>
    </QtRcc>
  </ItemGroup>
  <ItemGroup>
    <QtUic Include="TilingPuzzleQt.ui">
      <Filter>Form Files</Filter>
    </QtUic>
  </ItemGroup>
  <ItemGroup>
    <QtMoc Include="TilingPuzzleQt.h">
      <Filter>Header Files</Filter>
    </QtMoc>
    <QtMoc Include="PuzzleDisplay.h">
      <Filter>Header Files</Filter>
    </QtMoc>
    <QtMoc Include="PuzzleDisplayScene.h">
      <Filter>Header Files</Filter>
    </QtMoc>
  </ItemGroup>
  <ItemGroup>
    <ResourceCompile Include="Resource.rc">
      <Filter>Resource Files</Filter>
    </ResourceCompile>
  </ItemGroup>
</Project>